
Microsoft Visual Studio Solution File, Format Version 12.00
# Visual Studio Version 17
VisualStudioVersion = 17.8.34525.116
MinimumVisualStudioVersion = 10.0.40219.1
Project("{9A19103F-16F7-4668-BE54-9A1E7A4F7556}") = "Webzine.WebApplication", "Webzine.WebApplication.csproj", "{29102386-9E22-413B-A604-AAE8B9DFE11B}"
	ProjectSection(ProjectDependencies) = postProject
		{072724D1-0845-4520-BBD3-4BCB7EF746FF} = {072724D1-0845-4520-BBD3-4BCB7EF746FF}
		{BF92263C-E2B8-4F4E-90CB-169C306D1145} = {BF92263C-E2B8-4F4E-90CB-169C306D1145}
		{DE824208-BCCD-4FFE-BEDF-EA70A1274F88} = {DE824208-BCCD-4FFE-BEDF-EA70A1274F88}
	EndProjectSection
EndProject
Project("{9A19103F-16F7-4668-BE54-9A1E7A4F7556}") = "Webzine.Documentation", "..\Webzine.Documentation\Webzine.Documentation.csproj", "{DE824208-BCCD-4FFE-BEDF-EA70A1274F88}"
EndProject
Project("{9A19103F-16F7-4668-BE54-9A1E7A4F7556}") = "Webzine.Entity", "..\Webzine.Entity\Webzine.Entity.csproj", "{BF92263C-E2B8-4F4E-90CB-169C306D1145}"
EndProject
Project("{9A19103F-16F7-4668-BE54-9A1E7A4F7556}") = "Webzine.Entity.Tests", "..\Webzine.Entity.Tests\Webzine.Entity.Tests.csproj", "{072724D1-0845-4520-BBD3-4BCB7EF746FF}"
	ProjectSection(ProjectDependencies) = postProject
		{BF92263C-E2B8-4F4E-90CB-169C306D1145} = {BF92263C-E2B8-4F4E-90CB-169C306D1145}
	EndProjectSection
EndProject
Global
	GlobalSection(SolutionConfigurationPlatforms) = preSolution
		Debug|Any CPU = Debug|Any CPU
		Release|Any CPU = Release|Any CPU
	EndGlobalSection
	GlobalSection(ProjectConfigurationPlatforms) = postSolution
		{29102386-9E22-413B-A604-AAE8B9DFE11B}.Debug|Any CPU.ActiveCfg = Debug|Any CPU
		{29102386-9E22-413B-A604-AAE8B9DFE11B}.Debug|Any CPU.Build.0 = Debug|Any CPU
		{29102386-9E22-413B-A604-AAE8B9DFE11B}.Release|Any CPU.ActiveCfg = Release|Any CPU
		{29102386-9E22-413B-A604-AAE8B9DFE11B}.Release|Any CPU.Build.0 = Release|Any CPU
		{DE824208-BCCD-4FFE-BEDF-EA70A1274F88}.Debug|Any CPU.ActiveCfg = Debug|Any CPU
		{DE824208-BCCD-4FFE-BEDF-EA70A1274F88}.Debug|Any CPU.Build.0 = Debug|Any CPU
		{DE824208-BCCD-4FFE-BEDF-EA70A1274F88}.Release|Any CPU.ActiveCfg = Release|Any CPU
		{DE824208-BCCD-4FFE-BEDF-EA70A1274F88}.Release|Any CPU.Build.0 = Release|Any CPU
		{BF92263C-E2B8-4F4E-90CB-169C306D1145}.Debug|Any CPU.ActiveCfg = Debug|Any CPU
		{BF92263C-E2B8-4F4E-90CB-169C306D1145}.Debug|Any CPU.Build.0 = Debug|Any CPU
		{BF92263C-E2B8-4F4E-90CB-169C306D1145}.Release|Any CPU.ActiveCfg = Release|Any CPU
		{BF92263C-E2B8-4F4E-90CB-169C306D1145}.Release|Any CPU.Build.0 = Release|Any CPU
		{072724D1-0845-4520-BBD3-4BCB7EF746FF}.Debug|Any CPU.ActiveCfg = Debug|Any CPU
		{072724D1-0845-4520-BBD3-4BCB7EF746FF}.Debug|Any CPU.Build.0 = Debug|Any CPU
		{072724D1-0845-4520-BBD3-4BCB7EF746FF}.Release|Any CPU.ActiveCfg = Release|Any CPU
		{072724D1-0845-4520-BBD3-4BCB7EF746FF}.Release|Any CPU.Build.0 = Release|Any CPU
	EndGlobalSection
	GlobalSection(SolutionProperties) = preSolution
		HideSolutionNode = FALSE
	EndGlobalSection
	GlobalSection(ExtensibilityGlobals) = postSolution
		SolutionGuid = {A0C1E2D2-27C0-4089-A68C-5AFD91351327}
	EndGlobalSection
EndGlobal
